
Microsoft Visual Studio Solution File, Format Version 12.00
# Visual Studio Version 17
VisualStudioVersion = 17.4.33213.308
MinimumVisualStudioVersion = 10.0.40219.1
Project("{FAE04EC0-301F-11D3-BF4B-00C04F79EFBC}") = "JCD1.3.5", "JCD1.3.5.csproj", "{AF528245-3AEC-478B-9DFA-4AB188063B15}"
EndProject
Global
	GlobalSection(SolutionConfigurationPlatforms) = preSolution
		Debug|Any CPU = Debug|Any CPU
		Release|Any CPU = Release|Any CPU
	EndGlobalSection
	GlobalSection(ProjectConfigurationPlatforms) = postSolution
		{AF528245-3AEC-478B-9DFA-4AB188063B15}.Debug|Any CPU.ActiveCfg = Debug|Any CPU
		{AF528245-3AEC-478B-9DFA-4AB188063B15}.Debug|Any CPU.Build.0 = Debug|Any CPU
		{AF528245-3AEC-478B-9DFA-4AB188063B15}.Release|Any CPU.ActiveCfg = Release|Any CPU
		{AF528245-3AEC-478B-9DFA-4AB188063B15}.Release|Any CPU.Build.0 = Release|Any CPU
	EndGlobalSection
	GlobalSection(SolutionProperties) = preSolution
		HideSolutionNode = FALSE
	EndGlobalSection
	GlobalSection(ExtensibilityGlobals) = postSolution
		SolutionGuid = {C2D2119C-247C-4954-87F8-DF210AE166D1}
	EndGlobalSection
EndGlobal
